// !$*UTF8*$!
{
	archiveVersion = 1;
	classes = {
	};
	objectVersion = 56;
	objects = {

/* Begin PBXBuildFile section */
		DD793EED2B07C4CB0045CDCF /* BookList.swift in Sources */ = {isa = PBXBuildFile; fileRef = DD793EEC2B07C4CB0045CDCF /* BookList.swift */; };
		DD7F18432ABC7A4C004CAF19 /* AppDelegate.swift in Sources */ = {isa = PBXBuildFile; fileRef = DD7F18422ABC7A4C004CAF19 /* AppDelegate.swift */; };
		DD7F18452ABC7A4C004CAF19 /* SceneDelegate.swift in Sources */ = {isa = PBXBuildFile; fileRef = DD7F18442ABC7A4C004CAF19 /* SceneDelegate.swift */; };
		DD7F18472ABC7A4C004CAF19 /* ViewController.swift in Sources */ = {isa = PBXBuildFile; fileRef = DD7F18462ABC7A4C004CAF19 /* ViewController.swift */; };
		DD7F184A2ABC7A4C004CAF19 /* Main.storyboard in Resources */ = {isa = PBXBuildFile; fileRef = DD7F18482ABC7A4C004CAF19 /* Main.storyboard */; };
		DD7F184C2ABC7A4E004CAF19 /* Assets.xcassets in Resources */ = {isa = PBXBuildFile; fileRef = DD7F184B2ABC7A4E004CAF19 /* Assets.xcassets */; };
		DD7F184F2ABC7A4E004CAF19 /* LaunchScreen.storyboard in Resources */ = {isa = PBXBuildFile; fileRef = DD7F184D2ABC7A4E004CAF19 /* LaunchScreen.storyboard */; };
		DD905C9B2B0D090900622247 /* TableViewCell.swift in Sources */ = {isa = PBXBuildFile; fileRef = DD905C992B0D090900622247 /* TableViewCell.swift */; };
		DD905C9C2B0D090900622247 /* TableViewCell.xib in Resources */ = {isa = PBXBuildFile; fileRef = DD905C9A2B0D090900622247 /* TableViewCell.xib */; };
		DD905C9E2B0D174800622247 /* UIImageViewExtension.swift in Sources */ = {isa = PBXBuildFile; fileRef = DD905C9D2B0D174800622247 /* UIImageViewExtension.swift */; };
		DD905CA02B0E1E3E00622247 /* BooksResponse.swift in Sources */ = {isa = PBXBuildFile; fileRef = DD905C9F2B0E1E3E00622247 /* BooksResponse.swift */; };
		DD905CA32B0E207F00622247 /* Alamofire in Frameworks */ = {isa = PBXBuildFile; productRef = DD905CA22B0E207F00622247 /* Alamofire */; };
/* End PBXBuildFile section */

/* Begin PBXFileReference section */
		DD793EEC2B07C4CB0045CDCF /* BookList.swift */ = {isa = PBXFileReference; lastKnownFileType = sourcecode.swift; path = BookList.swift; sourceTree = "<group>"; };
		DD7F183F2ABC7A4C004CAF19 /* World News Demo.app */ = {isa = PBXFileReference; explicitFileType = wrapper.application; includeInIndex = 0; path = "World News Demo.app"; sourceTree = BUILT_PRODUCTS_DIR; };
		DD7F18422ABC7A4C004CAF19 /* AppDelegate.swift */ = {isa = PBXFileReference; lastKnownFileType = sourcecode.swift; path = AppDelegate.swift; sourceTree = "<group>"; };
		DD7F18442ABC7A4C004CAF19 /* SceneDelegate.swift */ = {isa = PBXFileReference; lastKnownFileType = sourcecode.swift; path = SceneDelegate.swift; sourceTree = "<group>"; };
		DD7F18462ABC7A4C004CAF19 /* ViewController.swift */ = {isa = PBXFileReference; lastKnownFileType = sourcecode.swift; path = ViewController.swift; sourceTree = "<group>"; };
		DD7F18492ABC7A4C004CAF19 /* Base */ = {isa = PBXFileReference; lastKnownFileType = file.storyboard; name = Base; path = Base.lproj/Main.storyboard; sourceTree = "<group>"; };
		DD7F184B2ABC7A4E004CAF19 /* Assets.xcassets */ = {isa = PBXFileReference; lastKnownFileType = folder.assetcatalog; path = Assets.xcassets; sourceTree = "<group>"; };
		DD7F184E2ABC7A4E004CAF19 /* Base */ = {isa = PBXFileReference; lastKnownFileType = file.storyboard; name = Base; path = Base.lproj/LaunchScreen.storyboard; sourceTree = "<group>"; };
		DD7F18502ABC7A4E004CAF19 /* Info.plist */ = {isa = PBXFileReference; lastKnownFileType = text.plist.xml; path = Info.plist; sourceTree = "<group>"; };
		DD905C992B0D090900622247 /* TableViewCell.swift */ = {isa = PBXFileReference; lastKnownFileType = sourcecode.swift; path = TableViewCell.swift; sourceTree = "<group>"; };
		DD905C9A2B0D090900622247 /* TableViewCell.xib */ = {isa = PBXFileReference; lastKnownFileType = file.xib; path = TableViewCell.xib; sourceTree = "<group>"; };
		DD905C9D2B0D174800622247 /* UIImageViewExtension.swift */ = {isa = PBXFileReference; lastKnownFileType = sourcecode.swift; path = UIImageViewExtension.swift; sourceTree = "<group>"; };
		DD905C9F2B0E1E3E00622247 /* BooksResponse.swift */ = {isa = PBXFileReference; lastKnownFileType = sourcecode.swift; path = BooksResponse.swift; sourceTree = "<group>"; };
/* End PBXFileReference section */

/* Begin PBXFrameworksBuildPhase section */
		DD7F183C2ABC7A4C004CAF19 /* Frameworks */ = {
			isa = PBXFrameworksBuildPhase;
			buildActionMask = 2147483647;
			files = (
				DD905CA32B0E207F00622247 /* Alamofire in Frameworks */,
			);
			runOnlyForDeploymentPostprocessing = 0;
		};
/* End PBXFrameworksBuildPhase section */

/* Begin PBXGroup section */
		DD793EE62B07B6470045CDCF /* Cell */ = {
			isa = PBXGroup;
			children = (
				DD905C992B0D090900622247 /* TableViewCell.swift */,
				DD905C9A2B0D090900622247 /* TableViewCell.xib */,
			);
			path = Cell;
			sourceTree = "<group>";
		};
		DD793EEB2B07C46A0045CDCF /* Models */ = {
			isa = PBXGroup;
			children = (
				DD793EEC2B07C4CB0045CDCF /* BookList.swift */,
				DD905C9F2B0E1E3E00622247 /* BooksResponse.swift */,
			);
			path = Models;
			sourceTree = "<group>";
		};
		DD7F18362ABC7A4C004CAF19 = {
			isa = PBXGroup;
			children = (
				DD7F18412ABC7A4C004CAF19 /* World News Demo */,
				DD7F18402ABC7A4C004CAF19 /* Products */,
			);
			sourceTree = "<group>";
		};
		DD7F18402ABC7A4C004CAF19 /* Products */ = {
			isa = PBXGroup;
			children = (
				DD7F183F2ABC7A4C004CAF19 /* World News Demo.app */,
			);
			name = Products;
			sourceTree = "<group>";
		};
		DD7F18412ABC7A4C004CAF19 /* World News Demo */ = {
			isa = PBXGroup;
			children = (
				DD7F18422ABC7A4C004CAF19 /* AppDelegate.swift */,
				DD7F18442ABC7A4C004CAF19 /* SceneDelegate.swift */,
				DD7F18462ABC7A4C004CAF19 /* ViewController.swift */,
				DD905C9D2B0D174800622247 /* UIImageViewExtension.swift */,
				DD793EEB2B07C46A0045CDCF /* Models */,
				DD793EE62B07B6470045CDCF /* Cell */,
				DD7F18482ABC7A4C004CAF19 /* Main.storyboard */,
				DD7F184B2ABC7A4E004CAF19 /* Assets.xcassets */,
				DD7F184D2ABC7A4E004CAF19 /* LaunchScreen.storyboard */,
				DD7F18502ABC7A4E004CAF19 /* Info.plist */,
			);
			path = "World News Demo";
			sourceTree = "<group>";
		};
/* End PBXGroup section */

/* Begin PBXNativeTarget section */
		DD7F183E2ABC7A4C004CAF19 /* World News Demo */ = {
			isa = PBXNativeTarget;
			buildConfigurationList = DD7F18532ABC7A4E004CAF19 /* Build configuration list for PBXNativeTarget "World News Demo" */;
			buildPhases = (
				DD7F183B2ABC7A4C004CAF19 /* Sources */,
				DD7F183C2ABC7A4C004CAF19 /* Frameworks */,
				DD7F183D2ABC7A4C004CAF19 /* Resources */,
			);
			buildRules = (
			);
			dependencies = (
			);
			name = "World News Demo";
			packageProductDependencies = (
				DD905CA22B0E207F00622247 /* Alamofire */,
			);
			productName = "World News Demo";
			productReference = DD7F183F2ABC7A4C004CAF19 /* World News Demo.app */;
			productType = "com.apple.product-type.application";
		};
/* End PBXNativeTarget section */

/* Begin PBXProject section */
		DD7F18372ABC7A4C004CAF19 /* Project object */ = {
			isa = PBXProject;
			attributes = {
				BuildIndependentTargetsInParallel = 1;
				LastSwiftUpdateCheck = 1410;
				LastUpgradeCheck = 1410;
				TargetAttributes = {
					DD7F183E2ABC7A4C004CAF19 = {
						CreatedOnToolsVersion = 14.1;
					};
				};
			};
			buildConfigurationList = DD7F183A2ABC7A4C004CAF19 /* Build configuration list for PBXProject "World News Demo" */;
			compatibilityVersion = "Xcode 14.0";
			developmentRegion = en;
			hasScannedForEncodings = 0;
			knownRegions = (
				en,
				Base,
			);
			mainGroup = DD7F18362ABC7A4C004CAF19;
			packageReferences = (
				DD905CA12B0E207F00622247 /* XCRemoteSwiftPackageReference "Alamofire" */,
			);
			productRefGroup = DD7F18402ABC7A4C004CAF19 /* Products */;
			projectDirPath = "";
			projectRoot = "";
			targets = (
				DD7F183E2ABC7A4C004CAF19 /* World News Demo */,
			);
		};
/* End PBXProject section */

/* Begin PBXResourcesBuildPhase section */
		DD7F183D2ABC7A4C004CAF19 /* Resources */ = {
			isa = PBXResourcesBuildPhase;
			buildActionMask = 2147483647;
			files = (
				DD7F184F2ABC7A4E004CAF19 /* LaunchScreen.storyboard in Resources */,
				DD905C9C2B0D090900622247 /* TableViewCell.xib in Resources */,
				DD7F184C2ABC7A4E004CAF19 /* Assets.xcassets in Resources */,
				DD7F184A2ABC7A4C004CAF19 /* Main.storyboard in Resources */,
			);
			runOnlyForDeploymentPostprocessing = 0;
		};
/* End PBXResourcesBuildPhase section */

/* Begin PBXSourcesBuildPhase section */
		DD7F183B2ABC7A4C004CAF19 /* Sources */ = {
			isa = PBXSourcesBuildPhase;
			buildActionMask = 2147483647;
			files = (
				DD7F18472ABC7A4C004CAF19 /* ViewController.swift in Sources */,
				DD905CA02B0E1E3E00622247 /* BooksResponse.swift in Sources */,
				DD905C9E2B0D174800622247 /* UIImageViewExtension.swift in Sources */,
				DD7F18432ABC7A4C004CAF19 /* AppDelegate.swift in Sources */,
				DD793EED2B07C4CB0045CDCF /* BookList.swift in Sources */,
				DD905C9B2B0D090900622247 /* TableViewCell.swift in Sources */,
				DD7F18452ABC7A4C004CAF19 /* SceneDelegate.swift in Sources */,
			);
			runOnlyForDeploymentPostprocessing = 0;
		};
/* End PBXSourcesBuildPhase section */

/* Begin PBXVariantGroup section */
		DD7F18482ABC7A4C004CAF19 /* Main.storyboard */ = {
			isa = PBXVariantGroup;
			children = (
				DD7F18492ABC7A4C004CAF19 /* Base */,
			);
			name = Main.storyboard;
			sourceTree = "<group>";
		};
		DD7F184D2ABC7A4E004CAF19 /* LaunchScreen.storyboard */ = {
			isa = PBXVariantGroup;
			children = (
				DD7F184E2ABC7A4E004CAF19 /* Base */,
			);
			name = LaunchScreen.storyboard;
			sourceTree = "<group>";
		};
/* End PBXVariantGroup section */

/* Begin XCBuildConfiguration section */
		DD7F18512ABC7A4E004CAF19 /* Debug */ = {
			isa = XCBuildConfiguration;
			buildSettings = {
				ALWAYS_SEARCH_USER_PATHS = NO;
				CLANG_ANALYZER_NONNULL = YES;
				CLANG_ANALYZER_NUMBER_OBJECT_CONVERSION = YES_AGGRESSIVE;
				CLANG_CXX_LANGUAGE_STANDARD = "gnu++20";
				CLANG_ENABLE_MODULES = YES;
				CLANG_ENABLE_OBJC_ARC = YES;
				CLANG_ENABLE_OBJC_WEAK = YES;
				CLANG_WARN_BLOCK_CAPTURE_AUTORELEASING = YES;
				CLANG_WARN_BOOL_CONVERSION = YES;
				CLANG_WARN_COMMA = YES;
				CLANG_WARN_CONSTANT_CONVERSION = YES;
				CLANG_WARN_DEPRECATED_OBJC_IMPLEMENTATIONS = YES;
				CLANG_WARN_DIRECT_OBJC_ISA_USAGE = YES_ERROR;
				CLANG_WARN_DOCUMENTATION_COMMENTS = YES;
				CLANG_WARN_EMPTY_BODY = YES;
				CLANG_WARN_ENUM_CONVERSION = YES;
				CLANG_WARN_INFINITE_RECURSION = YES;
				CLANG_WARN_INT_CONVERSION = YES;
				CLANG_WARN_NON_LITERAL_NULL_CONVERSION = YES;
				CLANG_WARN_OBJC_IMPLICIT_RETAIN_SELF = YES;
				CLANG_WARN_OBJC_LITERAL_CONVERSION = YES;
				CLANG_WARN_OBJC_ROOT_CLASS = YES_ERROR;
				CLANG_WARN_QUOTED_INCLUDE_IN_FRAMEWORK_HEADER = YES;
				CLANG_WARN_RANGE_LOOP_ANALYSIS = YES;
				CLANG_WARN_STRICT_PROTOTYPES = YES;
				CLANG_WARN_SUSPICIOUS_MOVE = YES;
				CLANG_WARN_UNGUARDED_AVAILABILITY = YES_AGGRESSIVE;
				CLANG_WARN_UNREACHABLE_CODE = YES;
				CLANG_WARN__DUPLICATE_METHOD_MATCH = YES;
				COPY_PHASE_STRIP = NO;
				DEBUG_INFORMATION_FORMAT = dwarf;
				ENABLE_STRICT_OBJC_MSGSEND = YES;
				ENABLE_TESTABILITY = YES;
				GCC_C_LANGUAGE_STANDARD = gnu11;
				GCC_DYNAMIC_NO_PIC = NO;
				GCC_NO_COMMON_BLOCKS = YES;
				GCC_OPTIMIZATION_LEVEL = 0;
				GCC_PREPROCESSOR_DEFINITIONS = (
					"DEBUG=1",
					"$(inherited)",
				);
				GCC_WARN_64_TO_32_BIT_CONVERSION = YES;
				GCC_WARN_ABOUT_RETURN_TYPE = YES_ERROR;
				GCC_WARN_UNDECLARED_SELECTOR = YES;
				GCC_WARN_UNINITIALIZED_AUTOS = YES_AGGRESSIVE;
				GCC_WARN_UNUSED_FUNCTION = YES;
				GCC_WARN_UNUSED_VARIABLE = YES;
				IPHONEOS_DEPLOYMENT_TARGET = 16.1;
				MTL_ENABLE_DEBUG_INFO = INCLUDE_SOURCE;
				MTL_FAST_MATH = YES;
				ONLY_ACTIVE_ARCH = YES;
				SDKROOT = iphoneos;
				SWIFT_ACTIVE_COMPILATION_CONDITIONS = DEBUG;
				SWIFT_OPTIMIZATION_LEVEL = "-Onone";
			};
			name = Debug;
		};
		DD7F18522ABC7A4E004CAF19 /* Release */ = {
			isa = XCBuildConfiguration;
			buildSettings = {
				ALWAYS_SEARCH_USER_PATHS = NO;
				CLANG_ANALYZER_NONNULL = YES;
				CLANG_ANALYZER_NUMBER_OBJECT_CONVERSION = YES_AGGRESSIVE;
				CLANG_CXX_LANGUAGE_STANDARD = "gnu++20";
				CLANG_ENABLE_MODULES = YES;
				CLANG_ENABLE_OBJC_ARC = YES;
				CLANG_ENABLE_OBJC_WEAK = YES;
				CLANG_WARN_BLOCK_CAPTURE_AUTORELEASING = YES;
				CLANG_WARN_BOOL_CONVERSION = YES;
				CLANG_WARN_COMMA = YES;
				CLANG_WARN_CONSTANT_CONVERSION = YES;
				CLANG_WARN_DEPRECATED_OBJC_IMPLEMENTATIONS = YES;
				CLANG_WARN_DIRECT_OBJC_ISA_USAGE = YES_ERROR;
				CLANG_WARN_DOCUMENTATION_COMMENTS = YES;
				CLANG_WARN_EMPTY_BODY = YES;
				CLANG_WARN_ENUM_CONVERSION = YES;
				CLANG_WARN_INFINITE_RECURSION = YES;
				CLANG_WARN_INT_CONVERSION = YES;
				CLANG_WARN_NON_LITERAL_NULL_CONVERSION = YES;
				CLANG_WARN_OBJC_IMPLICIT_RETAIN_SELF = YES;
				CLANG_WARN_OBJC_LITERAL_CONVERSION = YES;
				CLANG_WARN_OBJC_ROOT_CLASS = YES_ERROR;
				CLANG_WARN_QUOTED_INCLUDE_IN_FRAMEWORK_HEADER = YES;
				CLANG_WARN_RANGE_LOOP_ANALYSIS = YES;
				CLANG_WARN_STRICT_PROTOTYPES = YES;
				CLANG_WARN_SUSPICIOUS_MOVE = YES;
				CLANG_WARN_UNGUARDED_AVAILABILITY = YES_AGGRESSIVE;
				CLANG_WARN_UNREACHABLE_CODE = YES;
				CLANG_WARN__DUPLICATE_METHOD_MATCH = YES;
				COPY_PHASE_STRIP = NO;
				DEBUG_INFORMATION_FORMAT = "dwarf-with-dsym";
				ENABLE_NS_ASSERTIONS = NO;
				ENABLE_STRICT_OBJC_MSGSEND = YES;
				GCC_C_LANGUAGE_STANDARD = gnu11;
				GCC_NO_COMMON_BLOCKS = YES;
				GCC_WARN_64_TO_32_BIT_CONVERSION = YES;
				GCC_WARN_ABOUT_RETURN_TYPE = YES_ERROR;
				GCC_WARN_UNDECLARED_SELECTOR = YES;
				GCC_WARN_UNINITIALIZED_AUTOS = YES_AGGRESSIVE;
				GCC_WARN_UNUSED_FUNCTION = YES;
				GCC_WARN_UNUSED_VARIABLE = YES;
				IPHONEOS_DEPLOYMENT_TARGET = 16.1;
				MTL_ENABLE_DEBUG_INFO = NO;
				MTL_FAST_MATH = YES;
				SDKROOT = iphoneos;
				SWIFT_COMPILATION_MODE = wholemodule;
				SWIFT_OPTIMIZATION_LEVEL = "-O";
				VALIDATE_PRODUCT = YES;
			};
			name = Release;
		};
		DD7F18542ABC7A4E004CAF19 /* Debug */ = {
			isa = XCBuildConfiguration;
			buildSettings = {
				ASSETCATALOG_COMPILER_APPICON_NAME = AppIcon;
				ASSETCATALOG_COMPILER_GLOBAL_ACCENT_COLOR_NAME = AccentColor;
				CODE_SIGN_STYLE = Automatic;
				CURRENT_PROJECT_VERSION = 1;
				GENERATE_INFOPLIST_FILE = YES;
				INFOPLIST_FILE = "World News Demo/Info.plist";
				INFOPLIST_KEY_UIApplicationSupportsIndirectInputEvents = YES;
				INFOPLIST_KEY_UILaunchStoryboardName = LaunchScreen;
				INFOPLIST_KEY_UIMainStoryboardFile = Main;
				INFOPLIST_KEY_UISupportedInterfaceOrientations_iPad = "UIInterfaceOrientationPortrait UIInterfaceOrientationPortraitUpsideDown UIInterfaceOrientationLandscapeLeft UIInterfaceOrientationLandscapeRight";
				INFOPLIST_KEY_UISupportedInterfaceOrientations_iPhone = "UIInterfaceOrientationPortrait UIInterfaceOrientationLandscapeLeft UIInterfaceOrientationLandscapeRight";
				LD_RUNPATH_SEARCH_PATHS = (
					"$(inherited)",
					"@executable_path/Frameworks",
				);
				MARKETING_VERSION = 1.0;
				PRODUCT_BUNDLE_IDENTIFIER = "myCompany.World-News-Demo";
				PRODUCT_NAME = "$(TARGET_NAME)";
				SWIFT_EMIT_LOC_STRINGS = YES;
				SWIFT_VERSION = 5.0;
				TARGETED_DEVICE_FAMILY = "1,2";
			};
			name = Debug;
		};
		DD7F18552ABC7A4E004CAF19 /* Release */ = {
			isa = XCBuildConfiguration;
			buildSettings = {
				ASSETCATALOG_COMPILER_APPICON_NAME = AppIcon;
				ASSETCATALOG_COMPILER_GLOBAL_ACCENT_COLOR_NAME = AccentColor;
				CODE_SIGN_STYLE = Automatic;
				CURRENT_PROJECT_VERSION = 1;
				GENERATE_INFOPLIST_FILE = YES;
				INFOPLIST_FILE = "World News Demo/Info.plist";
				INFOPLIST_KEY_UIApplicationSupportsIndirectInputEvents = YES;
				INFOPLIST_KEY_UILaunchStoryboardName = LaunchScreen;
				INFOPLIST_KEY_UIMainStoryboardFile = Main;
				INFOPLIST_KEY_UISupportedInterfaceOrientations_iPad = "UIInterfaceOrientationPortrait UIInterfaceOrientationPortraitUpsideDown UIInterfaceOrientationLandscapeLeft UIInterfaceOrientationLandscapeRight";
				INFOPLIST_KEY_UISupportedInterfaceOrientations_iPhone = "UIInterfaceOrientationPortrait UIInterfaceOrientationLandscapeLeft UIInterfaceOrientationLandscapeRight";
				LD_RUNPATH_SEARCH_PATHS = (
					"$(inherited)",
					"@executable_path/Frameworks",
				);
				MARKETING_VERSION = 1.0;
				PRODUCT_BUNDLE_IDENTIFIER = "myCompany.World-News-Demo";
				PRODUCT_NAME = "$(TARGET_NAME)";
				SWIFT_EMIT_LOC_STRINGS = YES;
				SWIFT_VERSION = 5.0;
				TARGETED_DEVICE_FAMILY = "1,2";
			};
			name = Release;
		};
/* End XCBuildConfiguration section */

/* Begin XCConfigurationList section */
		DD7F183A2ABC7A4C004CAF19 /* Build configuration list for PBXProject "World News Demo" */ = {
			isa = XCConfigurationList;
			buildConfigurations = (
				DD7F18512ABC7A4E004CAF19 /* Debug */,
				DD7F18522ABC7A4E004CAF19 /* Release */,
			);
			defaultConfigurationIsVisible = 0;
			defaultConfigurationName = Release;
		};
		DD7F18532ABC7A4E004CAF19 /* Build configuration list for PBXNativeTarget "World News Demo" */ = {
			isa = XCConfigurationList;
			buildConfigurations = (
				DD7F18542ABC7A4E004CAF19 /* Debug */,
				DD7F18552ABC7A4E004CAF19 /* Release */,
			);
			defaultConfigurationIsVisible = 0;
			defaultConfigurationName = Release;
		};
/* End XCConfigurationList section */

/* Begin XCRemoteSwiftPackageReference section */
		DD905CA12B0E207F00622247 /* XCRemoteSwiftPackageReference "Alamofire" */ = {
			isa = XCRemoteSwiftPackageReference;
			repositoryURL = "https://github.com/Alamofire/Alamofire.git";
			requirement = {
				branch = master;
				kind = branch;
			};
		};
/* End XCRemoteSwiftPackageReference section */

/* Begin XCSwiftPackageProductDependency section */
		DD905CA22B0E207F00622247 /* Alamofire */ = {
			isa = XCSwiftPackageProductDependency;
			package = DD905CA12B0E207F00622247 /* XCRemoteSwiftPackageReference "Alamofire" */;
			productName = Alamofire;
		};
/* End XCSwiftPackageProductDependency section */
	};
	rootObject = DD7F18372ABC7A4C004CAF19 /* Project object */;
}
